
Microsoft Visual Studio Solution File, Format Version 12.00
# Visual Studio 15
Project("{FAE04EC0-301F-11D3-BF4B-00C04F79EFBC}") = "Assembly-CSharp", "Assembly-CSharp.csproj", "{E7C7DB1F-B3B5-7490-4FAA-EB5B4F1DB5F6}"
EndProject
Project("{FAE04EC0-301F-11D3-BF4B-00C04F79EFBC}") = "Sirenix.OdinInspector.CompatibilityLayer", "Sirenix.OdinInspector.CompatibilityLayer.csproj", "{96280009-2918-31D6-677C-3E847C66DDB1}"
EndProject
Project("{FAE04EC0-301F-11D3-BF4B-00C04F79EFBC}") = "Unity.HuaFramework.Runtime", "Unity.HuaFramework.Runtime.csproj", "{12F3AD94-CC9A-1753-1285-FD416A5E6335}"
EndProject
Project("{FAE04EC0-301F-11D3-BF4B-00C04F79EFBC}") = "Unity.HuaFramework.Runtime.Tests", "Unity.HuaFramework.Runtime.Tests.csproj", "{13EF5AB3-A44F-6C2D-018E-1672363B03D3}"
EndProject
Project("{FAE04EC0-301F-11D3-BF4B-00C04F79EFBC}") = "Sirenix.OdinInspector.CompatibilityLayer.Editor", "Sirenix.OdinInspector.CompatibilityLayer.Editor.csproj", "{D52E0566-5BAB-A5C4-6328-5261E17F4409}"
EndProject
Project("{FAE04EC0-301F-11D3-BF4B-00C04F79EFBC}") = "Assembly-CSharp-Editor", "Assembly-CSharp-Editor.csproj", "{FDF6736E-CB97-DF4C-65E8-9F6EC5C869C7}"
EndProject
Project("{FAE04EC0-301F-11D3-BF4B-00C04F79EFBC}") = "Unity.HuaFramework.Editor", "Unity.HuaFramework.Editor.csproj", "{265BAC9B-B29A-A6EC-BEDF-E9CF7E02C0D9}"
EndProject
Project("{FAE04EC0-301F-11D3-BF4B-00C04F79EFBC}") = "Unity.HuaFramework.Editor.Tests", "Unity.HuaFramework.Editor.Tests.csproj", "{94BFF686-A887-9E15-0B43-7639908D2EA9}"
EndProject
Global
	GlobalSection(SolutionConfigurationPlatforms) = preSolution
		Debug|Any CPU = Debug|Any CPU
		Release|Any CPU = Release|Any CPU
	EndGlobalSection
	GlobalSection(ProjectConfigurationPlatforms) = postSolution
		{E7C7DB1F-B3B5-7490-4FAA-EB5B4F1DB5F6}.Debug|Any CPU.ActiveCfg = Debug|Any CPU
		{E7C7DB1F-B3B5-7490-4FAA-EB5B4F1DB5F6}.Debug|Any CPU.Build.0 = Debug|Any CPU
		{E7C7DB1F-B3B5-7490-4FAA-EB5B4F1DB5F6}.Release|Any CPU.ActiveCfg = Release|Any CPU
		{E7C7DB1F-B3B5-7490-4FAA-EB5B4F1DB5F6}.Release|Any CPU.Build.0 = Release|Any CPU
		{96280009-2918-31D6-677C-3E847C66DDB1}.Debug|Any CPU.ActiveCfg = Debug|Any CPU
		{96280009-2918-31D6-677C-3E847C66DDB1}.Debug|Any CPU.Build.0 = Debug|Any CPU
		{96280009-2918-31D6-677C-3E847C66DDB1}.Release|Any CPU.ActiveCfg = Release|Any CPU
		{96280009-2918-31D6-677C-3E847C66DDB1}.Release|Any CPU.Build.0 = Release|Any CPU
		{12F3AD94-CC9A-1753-1285-FD416A5E6335}.Debug|Any CPU.ActiveCfg = Debug|Any CPU
		{12F3AD94-CC9A-1753-1285-FD416A5E6335}.Debug|Any CPU.Build.0 = Debug|Any CPU
		{12F3AD94-CC9A-1753-1285-FD416A5E6335}.Release|Any CPU.ActiveCfg = Release|Any CPU
		{12F3AD94-CC9A-1753-1285-FD416A5E6335}.Release|Any CPU.Build.0 = Release|Any CPU
		{13EF5AB3-A44F-6C2D-018E-1672363B03D3}.Debug|Any CPU.ActiveCfg = Debug|Any CPU
		{13EF5AB3-A44F-6C2D-018E-1672363B03D3}.Debug|Any CPU.Build.0 = Debug|Any CPU
		{13EF5AB3-A44F-6C2D-018E-1672363B03D3}.Release|Any CPU.ActiveCfg = Release|Any CPU
		{13EF5AB3-A44F-6C2D-018E-1672363B03D3}.Release|Any CPU.Build.0 = Release|Any CPU
		{D52E0566-5BAB-A5C4-6328-5261E17F4409}.Debug|Any CPU.ActiveCfg = Debug|Any CPU
		{D52E0566-5BAB-A5C4-6328-5261E17F4409}.Debug|Any CPU.Build.0 = Debug|Any CPU
		{D52E0566-5BAB-A5C4-6328-5261E17F4409}.Release|Any CPU.ActiveCfg = Release|Any CPU
		{D52E0566-5BAB-A5C4-6328-5261E17F4409}.Release|Any CPU.Build.0 = Release|Any CPU
		{FDF6736E-CB97-DF4C-65E8-9F6EC5C869C7}.Debug|Any CPU.ActiveCfg = Debug|Any CPU
		{FDF6736E-CB97-DF4C-65E8-9F6EC5C869C7}.Debug|Any CPU.Build.0 = Debug|Any CPU
		{FDF6736E-CB97-DF4C-65E8-9F6EC5C869C7}.Release|Any CPU.ActiveCfg = Release|Any CPU
		{FDF6736E-CB97-DF4C-65E8-9F6EC5C869C7}.Release|Any CPU.Build.0 = Release|Any CPU
		{265BAC9B-B29A-A6EC-BEDF-E9CF7E02C0D9}.Debug|Any CPU.ActiveCfg = Debug|Any CPU
		{265BAC9B-B29A-A6EC-BEDF-E9CF7E02C0D9}.Debug|Any CPU.Build.0 = Debug|Any CPU
		{265BAC9B-B29A-A6EC-BEDF-E9CF7E02C0D9}.Release|Any CPU.ActiveCfg = Release|Any CPU
		{265BAC9B-B29A-A6EC-BEDF-E9CF7E02C0D9}.Release|Any CPU.Build.0 = Release|Any CPU
		{94BFF686-A887-9E15-0B43-7639908D2EA9}.Debug|Any CPU.ActiveCfg = Debug|Any CPU
		{94BFF686-A887-9E15-0B43-7639908D2EA9}.Debug|Any CPU.Build.0 = Debug|Any CPU
		{94BFF686-A887-9E15-0B43-7639908D2EA9}.Release|Any CPU.ActiveCfg = Release|Any CPU
		{94BFF686-A887-9E15-0B43-7639908D2EA9}.Release|Any CPU.Build.0 = Release|Any CPU
	EndGlobalSection
	GlobalSection(SolutionProperties) = preSolution
		HideSolutionNode = FALSE
	EndGlobalSection
EndGlobal
